# This file is autogenerated, do not edit; changes may be undone by the next 'dep ensure'.


[[projects]]
  branch = "master"
  digest = "1:5e7ad3ee51da94affca9d7f8a74123d5cce5496b92136545348efd446c6b8ecf"
  name = "github.com/RyanCarrier/dijkstra"
  packages = ["."]
  pruneopts = "UT"
  revision = "3fe1cac162897238b8054aaa97fe113c500664ad"

[[projects]]
  branch = "master"
  digest = "1:42643fbf534111390685da131674ce87a98101b5116497573cfa7fe5c8c6c3d7"
  name = "github.com/golang-collections/collections"
  packages = [
    "queue",
    "set",
    "stack",
  ]
  pruneopts = "UT"
  revision = "604e922904d35e97f98a774db7881f049cd8d970"

[[projects]]
  branch = "master"
  digest = "1:c93e0063e4ca6cd0d1e9dfc028a1182ba0d36ccd84c820cfe25bf7657217d901"
  name = "github.com/jupp0r/go-priority-queue"
  packages = ["."]
  pruneopts = "UT"
  revision = "ab1073853bdeba13dfbd3bcd4330958e11bf0c2c"

[[projects]]
  branch = "master"
  digest = "1:5efb7de5d0a8c6c9cb541cb9251517e80f9023624b9d77de72d32cba15868151"
  name = "github.com/tebeka/deque"
  packages = ["."]
  pruneopts = "UT"
  revision = "58ae91459420b19425422d5c9671bcc1fd214748"

[[projects]]
  branch = "v1"
  digest = "1:f0d04e40c314321d35d4e1aada02f85fc717901b8ca81da71acfd1da6da1cb51"
  name = "gopkg.in/karalabe/cookiejar.v1"
  packages = ["exts/mathext"]
  pruneopts = "UT"
  revision = "e1490cae028c5c8f19efeea5b11f5c4e3275ce05"

[solve-meta]
  analyzer-name = "dep"
  analyzer-version = 1
  input-imports = [
    "github.com/RyanCarrier/dijkstra",
    "github.com/golang-collections/collections/queue",
    "github.com/golang-collections/collections/set",
    "github.com/golang-collections/collections/stack",
    "github.com/jupp0r/go-priority-queue",
    "github.com/tebeka/deque",
    "gopkg.in/karalabe/cookiejar.v1/exts/mathext",
  ]
  solver-name = "gps-cdcl"
  solver-version = 1
